# @generated - this file is auto-generated by `mise lock` https://mise.en.dev/dev-tools/mise-lock.html

[[tools.gradle]]
version = "8.13.0"
backend = "aqua:gradle/gradle"

[tools.gradle."platforms.linux-x64"]
url = "https://github.com/gradle/gradle-distributions/releases/download/v8.13.0/gradle-8.13-bin.zip"
url_api = "https://api.github.com/repos/gradle/gradle-distributions/releases/assets/232373824"

[tools.gradle."platforms.macos-arm64"]
url = "https://github.com/gradle/gradle-distributions/releases/download/v8.13.0/gradle-8.13-bin.zip"
url_api = "https://api.github.com/repos/gradle/gradle-distributions/releases/assets/232373824"

[[tools.java]]
version = "liberica-17.0.6+10"
backend = "core:java"

[tools.java."platforms.linux-x64"]
checksum = "sha1:3921ead0629aa003b3ec3afad7557bbea397fb1e"
url = "https://github.com/bell-sw/Liberica/releases/download/17.0.6%2B10/bellsoft-jdk17.0.6%2B10-linux-amd64.tar.gz"

[tools.java."platforms.macos-arm64"]
checksum = "sha1:2af64f6f557c6cbf96cac7022eba2c9779a6be7a"
url = "https://github.com/bell-sw/Liberica/releases/download/17.0.6%2B10/bellsoft-jdk17.0.6%2B10-macos-aarch64.tar.gz"

[[tools.node]]
version = "22.14.0"
backend = "core:node"

[tools.node."platforms.linux-x64"]
checksum = "sha256:9d942932535988091034dc94cc5f42b6dc8784d6366df3a36c4c9ccb3996f0c2"
url = "https://nodejs.org/dist/v22.14.0/node-v22.14.0-linux-x64.tar.gz"

[tools.node."platforms.macos-arm64"]
checksum = "sha256:e9404633bc02a5162c5c573b1e2490f5fb44648345d64a958b17e325729a5e42"
url = "https://nodejs.org/dist/v22.14.0/node-v22.14.0-darwin-arm64.tar.gz"

[[tools.ruby]]
version = "3.3.0"
backend = "core:ruby"

[tools.ruby.options]
compile = "false"
precompiled_url = "jdx/ruby"
ruby_build_repo = "https://github.com/rbenv/ruby-build.git"
ruby_install = "false"

[tools.ruby."platforms.linux-x64"]
checksum = "sha256:503402a946f07eeb455360a28bdd8cde0ae502665e2e9921710a528b8cd0d454"
url = "https://github.com/jdx/ruby/releases/download/3.3.0-6/ruby-3.3.0.x86_64_linux.tar.gz"
provenance = "github-attestations"

[tools.ruby."platforms.macos-arm64"]
checksum = "sha256:eb2097e1cf70692f1af3080aa9332e13406742094ee189dea1dfe45061b2f1db"
url = "https://github.com/jdx/ruby/releases/download/3.3.0-6/ruby-3.3.0.macos.tar.gz"
provenance = "github-attestations"
